// !$*UTF8*$!
{
	archiveVersion = 1;
	classes = {
	};
	objectVersion = 46;
	objects = {

/* Begin PBXBuildFile section */
		EAD28D8D1964D1890045DEDA /* Foundation.framework in Frameworks */ = {isa = PBXBuildFile; fileRef = EAD28D8C1964D1890045DEDA /* Foundation.framework */; };
		EAD28D8F1964D1890045DEDA /* CoreGraphics.framework in Frameworks */ = {isa = PBXBuildFile; fileRef = EAD28D8E1964D1890045DEDA /* CoreGraphics.framework */; };
		EAD28D911964D1890045DEDA /* UIKit.framework in Frameworks */ = {isa = PBXBuildFile; fileRef = EAD28D901964D1890045DEDA /* UIKit.framework */; };
		EAD28D931964D1890045DEDA /* SpriteKit.framework in Frameworks */ = {isa = PBXBuildFile; fileRef = EAD28D921964D1890045DEDA /* SpriteKit.framework */; };
		EAD28D991964D1890045DEDA /* InfoPlist.strings in Resources */ = {isa = PBXBuildFile; fileRef = EAD28D971964D1890045DEDA /* InfoPlist.strings */; };
		EAD28D9B1964D1890045DEDA /* main.m in Sources */ = {isa = PBXBuildFile; fileRef = EAD28D9A1964D1890045DEDA /* main.m */; };
		EAD28D9F1964D1890045DEDA /* AppDelegate.m in Sources */ = {isa = PBXBuildFile; fileRef = EAD28D9E1964D1890045DEDA /* AppDelegate.m */; };
		EAD28DA21964D1890045DEDA /* Main.storyboard in Resources */ = {isa = PBXBuildFile; fileRef = EAD28DA01964D1890045DEDA /* Main.storyboard */; };
		EAD28DA51964D1890045DEDA /* ViewController.m in Sources */ = {isa = PBXBuildFile; fileRef = EAD28DA41964D1890045DEDA /* ViewController.m */; };
		EAD28DA81964D1890045DEDA /* MyScene.m in Sources */ = {isa = PBXBuildFile; fileRef = EAD28DA71964D1890045DEDA /* MyScene.m */; };
		EAD28DAA1964D1890045DEDA /* Spaceship.png in Resources */ = {isa = PBXBuildFile; fileRef = EAD28DA91964D1890045DEDA /* Spaceship.png */; };
		EAD28DAC1964D1890045DEDA /* Images.xcassets in Resources */ = {isa = PBXBuildFile; fileRef = EAD28DAB1964D1890045DEDA /* Images.xcassets */; };
		EAD28DB31964D1890045DEDA /* XCTest.framework in Frameworks */ = {isa = PBXBuildFile; fileRef = EAD28DB21964D1890045DEDA /* XCTest.framework */; };
		EAD28DB41964D1890045DEDA /* Foundation.framework in Frameworks */ = {isa = PBXBuildFile; fileRef = EAD28D8C1964D1890045DEDA /* Foundation.framework */; };
		EAD28DB51964D1890045DEDA /* UIKit.framework in Frameworks */ = {isa = PBXBuildFile; fileRef = EAD28D901964D1890045DEDA /* UIKit.framework */; };
		EAD28DBD1964D1890045DEDA /* InfoPlist.strings in Resources */ = {isa = PBXBuildFile; fileRef = EAD28DBB1964D1890045DEDA /* InfoPlist.strings */; };
		EAD28DBF1964D1890045DEDA /* UberJumpTests.m in Sources */ = {isa = PBXBuildFile; fileRef = EAD28DBE1964D1890045DEDA /* UberJumpTests.m */; };
		EAD28DF51965C96A0045DEDA /* Assets.atlas in Resources */ = {isa = PBXBuildFile; fileRef = EAD28DC91965C96A0045DEDA /* Assets.atlas */; };
		EAD28DF61965C96A0045DEDA /* Background.png in Resources */ = {isa = PBXBuildFile; fileRef = EAD28DCB1965C96A0045DEDA /* Background.png */; };
		EAD28DF71965C96A0045DEDA /* Background01.png in Resources */ = {isa = PBXBuildFile; fileRef = EAD28DCC1965C96A0045DEDA /* Background01.png */; };
		EAD28DF81965C96A0045DEDA /* Background01@2x.png in Resources */ = {isa = PBXBuildFile; fileRef = EAD28DCD1965C96A0045DEDA /* Background01@2x.png */; };
		EAD28DF91965C96A0045DEDA /* Background02.png in Resources */ = {isa = PBXBuildFile; fileRef = EAD28DCE1965C96A0045DEDA /* Background02.png */; };
		EAD28DFA1965C96A0045DEDA /* Background02@2x.png in Resources */ = {isa = PBXBuildFile; fileRef = EAD28DCF1965C96A0045DEDA /* Background02@2x.png */; };
		EAD28DFB1965C96A0045DEDA /* Background03.png in Resources */ = {isa = PBXBuildFile; fileRef = EAD28DD01965C96A0045DEDA /* Background03.png */; };
		EAD28DFC1965C96A0045DEDA /* Background03@2x.png in Resources */ = {isa = PBXBuildFile; fileRef = EAD28DD11965C96A0045DEDA /* Background03@2x.png */; };
		EAD28DFD1965C96A0045DEDA /* Background04.png in Resources */ = {isa = PBXBuildFile; fileRef = EAD28DD21965C96A0045DEDA /* Background04.png */; };
		EAD28DFE1965C96A0045DEDA /* Background04@2x.png in Resources */ = {isa = PBXBuildFile; fileRef = EAD28DD31965C96A0045DEDA /* Background04@2x.png */; };
		EAD28DFF1965C96A0045DEDA /* Background05.png in Resources */ = {isa = PBXBuildFile; fileRef = EAD28DD41965C96A0045DEDA /* Background05.png */; };
		EAD28E001965C96A0045DEDA /* Background05@2x.png in Resources */ = {isa = PBXBuildFile; fileRef = EAD28DD51965C96A0045DEDA /* Background05@2x.png */; };
		EAD28E011965C96A0045DEDA /* Background06.png in Resources */ = {isa = PBXBuildFile; fileRef = EAD28DD61965C96A0045DEDA /* Background06.png */; };
		EAD28E021965C96A0045DEDA /* Background06@2x.png in Resources */ = {isa = PBXBuildFile; fileRef = EAD28DD71965C96A0045DEDA /* Background06@2x.png */; };
		EAD28E031965C96A0045DEDA /* Background07.png in Resources */ = {isa = PBXBuildFile; fileRef = EAD28DD81965C96A0045DEDA /* Background07.png */; };
		EAD28E041965C96A0045DEDA /* Background07@2x.png in Resources */ = {isa = PBXBuildFile; fileRef = EAD28DD91965C96A0045DEDA /* Background07@2x.png */; };
		EAD28E051965C96A0045DEDA /* Background08.png in Resources */ = {isa = PBXBuildFile; fileRef = EAD28DDA1965C96A0045DEDA /* Background08.png */; };
		EAD28E061965C96A0045DEDA /* Background08@2x.png in Resources */ = {isa = PBXBuildFile; fileRef = EAD28DDB1965C96A0045DEDA /* Background08@2x.png */; };
		EAD28E071965C96A0045DEDA /* Background09.png in Resources */ = {isa = PBXBuildFile; fileRef = EAD28DDC1965C96A0045DEDA /* Background09.png */; };
		EAD28E081965C96A0045DEDA /* Background09@2x.png in Resources */ = {isa = PBXBuildFile; fileRef = EAD28DDD1965C96A0045DEDA /* Background09@2x.png */; };
		EAD28E091965C96A0045DEDA /* Background10.png in Resources */ = {isa = PBXBuildFile; fileRef = EAD28DDE1965C96A0045DEDA /* Background10.png */; };
		EAD28E0A1965C96A0045DEDA /* Background10@2x.png in Resources */ = {isa = PBXBuildFile; fileRef = EAD28DDF1965C96A0045DEDA /* Background10@2x.png */; };
		EAD28E0B1965C96A0045DEDA /* Background11.png in Resources */ = {isa = PBXBuildFile; fileRef = EAD28DE01965C96A0045DEDA /* Background11.png */; };
		EAD28E0C1965C96A0045DEDA /* Background11@2x.png in Resources */ = {isa = PBXBuildFile; fileRef = EAD28DE11965C96A0045DEDA /* Background11@2x.png */; };
		EAD28E0D1965C96A0045DEDA /* Background12.png in Resources */ = {isa = PBXBuildFile; fileRef = EAD28DE21965C96A0045DEDA /* Background12.png */; };
		EAD28E0E1965C96A0045DEDA /* Background12@2x.png in Resources */ = {isa = PBXBuildFile; fileRef = EAD28DE31965C96A0045DEDA /* Background12@2x.png */; };
		EAD28E0F1965C96A0045DEDA /* Background13.png in Resources */ = {isa = PBXBuildFile; fileRef = EAD28DE41965C96A0045DEDA /* Background13.png */; };
		EAD28E101965C96A0045DEDA /* Background13@2x.png in Resources */ = {isa = PBXBuildFile; fileRef = EAD28DE51965C96A0045DEDA /* Background13@2x.png */; };
		EAD28E111965C96A0045DEDA /* Background14.png in Resources */ = {isa = PBXBuildFile; fileRef = EAD28DE61965C96A0045DEDA /* Background14.png */; };
		EAD28E121965C96A0045DEDA /* Background14@2x.png in Resources */ = {isa = PBXBuildFile; fileRef = EAD28DE71965C96A0045DEDA /* Background14@2x.png */; };
		EAD28E131965C96A0045DEDA /* Background15.png in Resources */ = {isa = PBXBuildFile; fileRef = EAD28DE81965C96A0045DEDA /* Background15.png */; };
		EAD28E141965C96A0045DEDA /* Background15@2x.png in Resources */ = {isa = PBXBuildFile; fileRef = EAD28DE91965C96A0045DEDA /* Background15@2x.png */; };
		EAD28E151965C96A0045DEDA /* Background16.png in Resources */ = {isa = PBXBuildFile; fileRef = EAD28DEA1965C96A0045DEDA /* Background16.png */; };
		EAD28E161965C96A0045DEDA /* Background16@2x.png in Resources */ = {isa = PBXBuildFile; fileRef = EAD28DEB1965C96A0045DEDA /* Background16@2x.png */; };
		EAD28E171965C96A0045DEDA /* Background17.png in Resources */ = {isa = PBXBuildFile; fileRef = EAD28DEC1965C96A0045DEDA /* Background17.png */; };
		EAD28E181965C96A0045DEDA /* Background17@2x.png in Resources */ = {isa = PBXBuildFile; fileRef = EAD28DED1965C96A0045DEDA /* Background17@2x.png */; };
		EAD28E191965C96A0045DEDA /* Background18.png in Resources */ = {isa = PBXBuildFile; fileRef = EAD28DEE1965C96A0045DEDA /* Background18.png */; };
		EAD28E1A1965C96A0045DEDA /* Background18@2x.png in Resources */ = {isa = PBXBuildFile; fileRef = EAD28DEF1965C96A0045DEDA /* Background18@2x.png */; };
		EAD28E1B1965C96A0045DEDA /* Background19.png in Resources */ = {isa = PBXBuildFile; fileRef = EAD28DF01965C96A0045DEDA /* Background19.png */; };
		EAD28E1C1965C96A0045DEDA /* Background19@2x.png in Resources */ = {isa = PBXBuildFile; fileRef = EAD28DF11965C96A0045DEDA /* Background19@2x.png */; };
		EAD28E1D1965C96A0045DEDA /* Background20.png in Resources */ = {isa = PBXBuildFile; fileRef = EAD28DF21965C96A0045DEDA /* Background20.png */; };
		EAD28E1E1965C96A0045DEDA /* Background20@2x.png in Resources */ = {isa = PBXBuildFile; fileRef = EAD28DF31965C96A0045DEDA /* Background20@2x.png */; };
		EAD28E1F1965C96A0045DEDA /* Background@2x.png in Resources */ = {isa = PBXBuildFile; fileRef = EAD28DF41965C96A0045DEDA /* Background@2x.png */; };
		EAD28E221965CB880045DEDA /* GameObjectNode.m in Sources */ = {isa = PBXBuildFile; fileRef = EAD28E211965CB880045DEDA /* GameObjectNode.m */; };
		EAD28E251965CBEC0045DEDA /* StarNode.m in Sources */ = {isa = PBXBuildFile; fileRef = EAD28E241965CBEC0045DEDA /* StarNode.m */; };
		EAD28E271965CF920045DEDA /* StarPing.wav in Resources */ = {isa = PBXBuildFile; fileRef = EAD28E261965CF920045DEDA /* StarPing.wav */; };
/* End PBXBuildFile section */

/* Begin PBXContainerItemProxy section */
		EAD28DB61964D1890045DEDA /* PBXContainerItemProxy */ = {
			isa = PBXContainerItemProxy;
			containerPortal = EAD28D811964D1890045DEDA /* Project object */;
			proxyType = 1;
			remoteGlobalIDString = EAD28D881964D1890045DEDA;
			remoteInfo = UberJump;
		};
/* End PBXContainerItemProxy section */

/* Begin PBXFileReference section */
		EAD28D891964D1890045DEDA /* UberJump.app */ = {isa = PBXFileReference; explicitFileType = wrapper.application; includeInIndex = 0; path = UberJump.app; sourceTree = BUILT_PRODUCTS_DIR; };
		EAD28D8C1964D1890045DEDA /* Foundation.framework */ = {isa = PBXFileReference; lastKnownFileType = wrapper.framework; name = Foundation.framework; path = System/Library/Frameworks/Foundation.framework; sourceTree = SDKROOT; };
		EAD28D8E1964D1890045DEDA /* CoreGraphics.framework */ = {isa = PBXFileReference; lastKnownFileType = wrapper.framework; name = CoreGraphics.framework; path = System/Library/Frameworks/CoreGraphics.framework; sourceTree = SDKROOT; };
		EAD28D901964D1890045DEDA /* UIKit.framework */ = {isa = PBXFileReference; lastKnownFileType = wrapper.framework; name = UIKit.framework; path = System/Library/Frameworks/UIKit.framework; sourceTree = SDKROOT; };
		EAD28D921964D1890045DEDA /* SpriteKit.framework */ = {isa = PBXFileReference; lastKnownFileType = wrapper.framework; name = SpriteKit.framework; path = System/Library/Frameworks/SpriteKit.framework; sourceTree = SDKROOT; };
		EAD28D961964D1890045DEDA /* UberJump-Info.plist */ = {isa = PBXFileReference; lastKnownFileType = text.plist.xml; path = "UberJump-Info.plist"; sourceTree = "<group>"; };
		EAD28D981964D1890045DEDA /* en */ = {isa = PBXFileReference; lastKnownFileType = text.plist.strings; name = en; path = en.lproj/InfoPlist.strings; sourceTree = "<group>"; };
		EAD28D9A1964D1890045DEDA /* main.m */ = {isa = PBXFileReference; lastKnownFileType = sourcecode.c.objc; path = main.m; sourceTree = "<group>"; };
		EAD28D9C1964D1890045DEDA /* UberJump-Prefix.pch */ = {isa = PBXFileReference; lastKnownFileType = sourcecode.c.h; path = "UberJump-Prefix.pch"; sourceTree = "<group>"; };
		EAD28D9D1964D1890045DEDA /* AppDelegate.h */ = {isa = PBXFileReference; lastKnownFileType = sourcecode.c.h; path = AppDelegate.h; sourceTree = "<group>"; };
		EAD28D9E1964D1890045DEDA /* AppDelegate.m */ = {isa = PBXFileReference; lastKnownFileType = sourcecode.c.objc; path = AppDelegate.m; sourceTree = "<group>"; };
		EAD28DA11964D1890045DEDA /* Base */ = {isa = PBXFileReference; lastKnownFileType = file.storyboard; name = Base; path = Base.lproj/Main.storyboard; sourceTree = "<group>"; };
		EAD28DA31964D1890045DEDA /* ViewController.h */ = {isa = PBXFileReference; lastKnownFileType = sourcecode.c.h; path = ViewController.h; sourceTree = "<group>"; };
		EAD28DA41964D1890045DEDA /* ViewController.m */ = {isa = PBXFileReference; lastKnownFileType = sourcecode.c.objc; path = ViewController.m; sourceTree = "<group>"; };
		EAD28DA61964D1890045DEDA /* MyScene.h */ = {isa = PBXFileReference; lastKnownFileType = sourcecode.c.h; path = MyScene.h; sourceTree = "<group>"; };
		EAD28DA71964D1890045DEDA /* MyScene.m */ = {isa = PBXFileReference; lastKnownFileType = sourcecode.c.objc; path = MyScene.m; sourceTree = "<group>"; };
		EAD28DA91964D1890045DEDA /* Spaceship.png */ = {isa = PBXFileReference; lastKnownFileType = image.png; path = Spaceship.png; sourceTree = "<group>"; };
		EAD28DAB1964D1890045DEDA /* Images.xcassets */ = {isa = PBXFileReference; lastKnownFileType = folder.assetcatalog; path = Images.xcassets; sourceTree = "<group>"; };
		EAD28DB11964D1890045DEDA /* UberJumpTests.xctest */ = {isa = PBXFileReference; explicitFileType = wrapper.cfbundle; includeInIndex = 0; path = UberJumpTests.xctest; sourceTree = BUILT_PRODUCTS_DIR; };
		EAD28DB21964D1890045DEDA /* XCTest.framework */ = {isa = PBXFileReference; lastKnownFileType = wrapper.framework; name = XCTest.framework; path = Library/Frameworks/XCTest.framework; sourceTree = DEVELOPER_DIR; };
		EAD28DBA1964D1890045DEDA /* UberJumpTests-Info.plist */ = {isa = PBXFileReference; lastKnownFileType = text.plist.xml; path = "UberJumpTests-Info.plist"; sourceTree = "<group>"; };
		EAD28DBC1964D1890045DEDA /* en */ = {isa = PBXFileReference; lastKnownFileType = text.plist.strings; name = en; path = en.lproj/InfoPlist.strings; sourceTree = "<group>"; };
		EAD28DBE1964D1890045DEDA /* UberJumpTests.m */ = {isa = PBXFileReference; lastKnownFileType = sourcecode.c.objc; path = UberJumpTests.m; sourceTree = "<group>"; };
		EAD28DC91965C96A0045DEDA /* Assets.atlas */ = {isa = PBXFileReference; lastKnownFileType = folder.skatlas; path = Assets.atlas; sourceTree = "<group>"; };
		EAD28DCB1965C96A0045DEDA /* Background.png */ = {isa = PBXFileReference; lastKnownFileType = image.png; path = Background.png; sourceTree = "<group>"; };
		EAD28DCC1965C96A0045DEDA /* Background01.png */ = {isa = PBXFileReference; lastKnownFileType = image.png; path = Background01.png; sourceTree = "<group>"; };
		EAD28DCD1965C96A0045DEDA /* Background01@2x.png */ = {isa = PBXFileReference; lastKnownFileType = image.png; path = "Background01@2x.png"; sourceTree = "<group>"; };
		EAD28DCE1965C96A0045DEDA /* Background02.png */ = {isa = PBXFileReference; lastKnownFileType = image.png; path = Background02.png; sourceTree = "<group>"; };
		EAD28DCF1965C96A0045DEDA /* Background02@2x.png */ = {isa = PBXFileReference; lastKnownFileType = image.png; path = "Background02@2x.png"; sourceTree = "<group>"; };
		EAD28DD01965C96A0045DEDA /* Background03.png */ = {isa = PBXFileReference; lastKnownFileType = image.png; path = Background03.png; sourceTree = "<group>"; };
		EAD28DD11965C96A0045DEDA /* Background03@2x.png */ = {isa = PBXFileReference; lastKnownFileType = image.png; path = "Background03@2x.png"; sourceTree = "<group>"; };
		EAD28DD21965C96A0045DEDA /* Background04.png */ = {isa = PBXFileReference; lastKnownFileType = image.png; path = Background04.png; sourceTree = "<group>"; };
		EAD28DD31965C96A0045DEDA /* Background04@2x.png */ = {isa = PBXFileReference; lastKnownFileType = image.png; path = "Background04@2x.png"; sourceTree = "<group>"; };
		EAD28DD41965C96A0045DEDA /* Background05.png */ = {isa = PBXFileReference; lastKnownFileType = image.png; path = Background05.png; sourceTree = "<group>"; };
		EAD28DD51965C96A0045DEDA /* Background05@2x.png */ = {isa = PBXFileReference; lastKnownFileType = image.png; path = "Background05@2x.png"; sourceTree = "<group>"; };
		EAD28DD61965C96A0045DEDA /* Background06.png */ = {isa = PBXFileReference; lastKnownFileType = image.png; path = Background06.png; sourceTree = "<group>"; };
		EAD28DD71965C96A0045DEDA /* Background06@2x.png */ = {isa = PBXFileReference; lastKnownFileType = image.png; path = "Background06@2x.png"; sourceTree = "<group>"; };
		EAD28DD81965C96A0045DEDA /* Background07.png */ = {isa = PBXFileReference; lastKnownFileType = image.png; path = Background07.png; sourceTree = "<group>"; };
		EAD28DD91965C96A0045DEDA /* Background07@2x.png */ = {isa = PBXFileReference; lastKnownFileType = image.png; path = "Background07@2x.png"; sourceTree = "<group>"; };
		EAD28DDA1965C96A0045DEDA /* Background08.png */ = {isa = PBXFileReference; lastKnownFileType = image.png; path = Background08.png; sourceTree = "<group>"; };
		EAD28DDB1965C96A0045DEDA /* Background08@2x.png */ = {isa = PBXFileReference; lastKnownFileType = image.png; path = "Background08@2x.png"; sourceTree = "<group>"; };
		EAD28DDC1965C96A0045DEDA /* Background09.png */ = {isa = PBXFileReference; lastKnownFileType = image.png; path = Background09.png; sourceTree = "<group>"; };
		EAD28DDD1965C96A0045DEDA /* Background09@2x.png */ = {isa = PBXFileReference; lastKnownFileType = image.png; path = "Background09@2x.png"; sourceTree = "<group>"; };
		EAD28DDE1965C96A0045DEDA /* Background10.png */ = {isa = PBXFileReference; lastKnownFileType = image.png; path = Background10.png; sourceTree = "<group>"; };
		EAD28DDF1965C96A0045DEDA /* Background10@2x.png */ = {isa = PBXFileReference; lastKnownFileType = image.png; path = "Background10@2x.png"; sourceTree = "<group>"; };
		EAD28DE01965C96A0045DEDA /* Background11.png */ = {isa = PBXFileReference; lastKnownFileType = image.png; path = Background11.png; sourceTree = "<group>"; };
		EAD28DE11965C96A0045DEDA /* Background11@2x.png */ = {isa = PBXFileReference; lastKnownFileType = image.png; path = "Background11@2x.png"; sourceTree = "<group>"; };
		EAD28DE21965C96A0045DEDA /* Background12.png */ = {isa = PBXFileReference; lastKnownFileType = image.png; path = Background12.png; sourceTree = "<group>"; };
		EAD28DE31965C96A0045DEDA /* Background12@2x.png */ = {isa = PBXFileReference; lastKnownFileType = image.png; path = "Background12@2x.png"; sourceTree = "<group>"; };
		EAD28DE41965C96A0045DEDA /* Background13.png */ = {isa = PBXFileReference; lastKnownFileType = image.png; path = Background13.png; sourceTree = "<group>"; };
		EAD28DE51965C96A0045DEDA /* Background13@2x.png */ = {isa = PBXFileReference; lastKnownFileType = image.png; path = "Background13@2x.png"; sourceTree = "<group>"; };
		EAD28DE61965C96A0045DEDA /* Background14.png */ = {isa = PBXFileReference; lastKnownFileType = image.png; path = Background14.png; sourceTree = "<group>"; };
		EAD28DE71965C96A0045DEDA /* Background14@2x.png */ = {isa = PBXFileReference; lastKnownFileType = image.png; path = "Background14@2x.png"; sourceTree = "<group>"; };
		EAD28DE81965C96A0045DEDA /* Background15.png */ = {isa = PBXFileReference; lastKnownFileType = image.png; path = Background15.png; sourceTree = "<group>"; };
		EAD28DE91965C96A0045DEDA /* Background15@2x.png */ = {isa = PBXFileReference; lastKnownFileType = image.png; path = "Background15@2x.png"; sourceTree = "<group>"; };
		EAD28DEA1965C96A0045DEDA /* Background16.png */ = {isa = PBXFileReference; lastKnownFileType = image.png; path = Background16.png; sourceTree = "<group>"; };
		EAD28DEB1965C96A0045DEDA /* Background16@2x.png */ = {isa = PBXFileReference; lastKnownFileType = image.png; path = "Background16@2x.png"; sourceTree = "<group>"; };
		EAD28DEC1965C96A0045DEDA /* Background17.png */ = {isa = PBXFileReference; lastKnownFileType = image.png; path = Background17.png; sourceTree = "<group>"; };
		EAD28DED1965C96A0045DEDA /* Background17@2x.png */ = {isa = PBXFileReference; lastKnownFileType = image.png; path = "Background17@2x.png"; sourceTree = "<group>"; };
		EAD28DEE1965C96A0045DEDA /* Background18.png */ = {isa = PBXFileReference; lastKnownFileType = image.png; path = Background18.png; sourceTree = "<group>"; };
		EAD28DEF1965C96A0045DEDA /* Background18@2x.png */ = {isa = PBXFileReference; lastKnownFileType = image.png; path = "Background18@2x.png"; sourceTree = "<group>"; };
		EAD28DF01965C96A0045DEDA /* Background19.png */ = {isa = PBXFileReference; lastKnownFileType = image.png; path = Background19.png; sourceTree = "<group>"; };
		EAD28DF11965C96A0045DEDA /* Background19@2x.png */ = {isa = PBXFileReference; lastKnownFileType = image.png; path = "Background19@2x.png"; sourceTree = "<group>"; };
		EAD28DF21965C96A0045DEDA /* Background20.png */ = {isa = PBXFileReference; lastKnownFileType = image.png; path = Background20.png; sourceTree = "<group>"; };
		EAD28DF31965C96A0045DEDA /* Background20@2x.png */ = {isa = PBXFileReference; lastKnownFileType = image.png; path = "Background20@2x.png"; sourceTree = "<group>"; };
		EAD28DF41965C96A0045DEDA /* Background@2x.png */ = {isa = PBXFileReference; lastKnownFileType = image.png; path = "Background@2x.png"; sourceTree = "<group>"; };
		EAD28E201965CB880045DEDA /* GameObjectNode.h */ = {isa = PBXFileReference; fileEncoding = 4; lastKnownFileType = sourcecode.c.h; path = GameObjectNode.h; sourceTree = "<group>"; };
		EAD28E211965CB880045DEDA /* GameObjectNode.m */ = {isa = PBXFileReference; fileEncoding = 4; lastKnownFileType = sourcecode.c.objc; path = GameObjectNode.m; sourceTree = "<group>"; };
		EAD28E231965CBEC0045DEDA /* StarNode.h */ = {isa = PBXFileReference; fileEncoding = 4; lastKnownFileType = sourcecode.c.h; path = StarNode.h; sourceTree = "<group>"; };
		EAD28E241965CBEC0045DEDA /* StarNode.m */ = {isa = PBXFileReference; fileEncoding = 4; lastKnownFileType = sourcecode.c.objc; path = StarNode.m; sourceTree = "<group>"; };
		EAD28E261965CF920045DEDA /* StarPing.wav */ = {isa = PBXFileReference; lastKnownFileType = audio.wav; path = StarPing.wav; sourceTree = "<group>"; };
/* End PBXFileReference section */

/* Begin PBXFrameworksBuildPhase section */
		EAD28D861964D1890045DEDA /* Frameworks */ = {
			isa = PBXFrameworksBuildPhase;
			buildActionMask = 2147483647;
			files = (
				EAD28D8F1964D1890045DEDA /* CoreGraphics.framework in Frameworks */,
				EAD28D911964D1890045DEDA /* UIKit.framework in Frameworks */,
				EAD28D931964D1890045DEDA /* SpriteKit.framework in Frameworks */,
				EAD28D8D1964D1890045DEDA /* Foundation.framework in Frameworks */,
			);
			runOnlyForDeploymentPostprocessing = 0;
		};
		EAD28DAE1964D1890045DEDA /* Frameworks */ = {
			isa = PBXFrameworksBuildPhase;
			buildActionMask = 2147483647;
			files = (
				EAD28DB31964D1890045DEDA /* XCTest.framework in Frameworks */,
				EAD28DB51964D1890045DEDA /* UIKit.framework in Frameworks */,
				EAD28DB41964D1890045DEDA /* Foundation.framework in Frameworks */,
			);
			runOnlyForDeploymentPostprocessing = 0;
		};
/* End PBXFrameworksBuildPhase section */

/* Begin PBXGroup section */
		EAD28D801964D1890045DEDA = {
			isa = PBXGroup;
			children = (
				EAD28D941964D1890045DEDA /* UberJump */,
				EAD28DB81964D1890045DEDA /* UberJumpTests */,
				EAD28D8B1964D1890045DEDA /* Frameworks */,
				EAD28D8A1964D1890045DEDA /* Products */,
			);
			sourceTree = "<group>";
		};
		EAD28D8A1964D1890045DEDA /* Products */ = {
			isa = PBXGroup;
			children = (
				EAD28D891964D1890045DEDA /* UberJump.app */,
				EAD28DB11964D1890045DEDA /* UberJumpTests.xctest */,
			);
			name = Products;
			sourceTree = "<group>";
		};
		EAD28D8B1964D1890045DEDA /* Frameworks */ = {
			isa = PBXGroup;
			children = (
				EAD28D8C1964D1890045DEDA /* Foundation.framework */,
				EAD28D8E1964D1890045DEDA /* CoreGraphics.framework */,
				EAD28D901964D1890045DEDA /* UIKit.framework */,
				EAD28D921964D1890045DEDA /* SpriteKit.framework */,
				EAD28DB21964D1890045DEDA /* XCTest.framework */,
			);
			name = Frameworks;
			sourceTree = "<group>";
		};
		EAD28D941964D1890045DEDA /* UberJump */ = {
			isa = PBXGroup;
			children = (
				EAD28E261965CF920045DEDA /* StarPing.wav */,
				EAD28DC81965C96A0045DEDA /* UberJumpGraphics */,
				EAD28D9D1964D1890045DEDA /* AppDelegate.h */,
				EAD28D9E1964D1890045DEDA /* AppDelegate.m */,
				EAD28DA01964D1890045DEDA /* Main.storyboard */,
				EAD28DA31964D1890045DEDA /* ViewController.h */,
				EAD28DA41964D1890045DEDA /* ViewController.m */,
				EAD28DA61964D1890045DEDA /* MyScene.h */,
				EAD28DA71964D1890045DEDA /* MyScene.m */,
				EAD28DA91964D1890045DEDA /* Spaceship.png */,
				EAD28DAB1964D1890045DEDA /* Images.xcassets */,
				EAD28D951964D1890045DEDA /* Supporting Files */,
				EAD28E201965CB880045DEDA /* GameObjectNode.h */,
				EAD28E211965CB880045DEDA /* GameObjectNode.m */,
				EAD28E231965CBEC0045DEDA /* StarNode.h */,
				EAD28E241965CBEC0045DEDA /* StarNode.m */,
			);
			path = UberJump;
			sourceTree = "<group>";
		};
		EAD28D951964D1890045DEDA /* Supporting Files */ = {
			isa = PBXGroup;
			children = (
				EAD28D961964D1890045DEDA /* UberJump-Info.plist */,
				EAD28D971964D1890045DEDA /* InfoPlist.strings */,
				EAD28D9A1964D1890045DEDA /* main.m */,
				EAD28D9C1964D1890045DEDA /* UberJump-Prefix.pch */,
			);
			name = "Supporting Files";
			sourceTree = "<group>";
		};
		EAD28DB81964D1890045DEDA /* UberJumpTests */ = {
			isa = PBXGroup;
			children = (
				EAD28DBE1964D1890045DEDA /* UberJumpTests.m */,
				EAD28DB91964D1890045DEDA /* Supporting Files */,
			);
			path = UberJumpTests;
			sourceTree = "<group>";
		};
		EAD28DB91964D1890045DEDA /* Supporting Files */ = {
			isa = PBXGroup;
			children = (
				EAD28DBA1964D1890045DEDA /* UberJumpTests-Info.plist */,
				EAD28DBB1964D1890045DEDA /* InfoPlist.strings */,
			);
			name = "Supporting Files";
			sourceTree = "<group>";
		};
		EAD28DC81965C96A0045DEDA /* UberJumpGraphics */ = {
			isa = PBXGroup;
			children = (
				EAD28DC91965C96A0045DEDA /* Assets.atlas */,
				EAD28DCA1965C96A0045DEDA /* Backgrounds */,
			);
			path = UberJumpGraphics;
			sourceTree = "<group>";
		};
		EAD28DCA1965C96A0045DEDA /* Backgrounds */ = {
			isa = PBXGroup;
			children = (
				EAD28DCB1965C96A0045DEDA /* Background.png */,
				EAD28DCC1965C96A0045DEDA /* Background01.png */,
				EAD28DCD1965C96A0045DEDA /* Background01@2x.png */,
				EAD28DCE1965C96A0045DEDA /* Background02.png */,
				EAD28DCF1965C96A0045DEDA /* Background02@2x.png */,
				EAD28DD01965C96A0045DEDA /* Background03.png */,
				EAD28DD11965C96A0045DEDA /* Background03@2x.png */,
				EAD28DD21965C96A0045DEDA /* Background04.png */,
				EAD28DD31965C96A0045DEDA /* Background04@2x.png */,
				EAD28DD41965C96A0045DEDA /* Background05.png */,
				EAD28DD51965C96A0045DEDA /* Background05@2x.png */,
				EAD28DD61965C96A0045DEDA /* Background06.png */,
				EAD28DD71965C96A0045DEDA /* Background06@2x.png */,
				EAD28DD81965C96A0045DEDA /* Background07.png */,
				EAD28DD91965C96A0045DEDA /* Background07@2x.png */,
				EAD28DDA1965C96A0045DEDA /* Background08.png */,
				EAD28DDB1965C96A0045DEDA /* Background08@2x.png */,
				EAD28DDC1965C96A0045DEDA /* Background09.png */,
				EAD28DDD1965C96A0045DEDA /* Background09@2x.png */,
				EAD28DDE1965C96A0045DEDA /* Background10.png */,
				EAD28DDF1965C96A0045DEDA /* Background10@2x.png */,
				EAD28DE01965C96A0045DEDA /* Background11.png */,
				EAD28DE11965C96A0045DEDA /* Background11@2x.png */,
				EAD28DE21965C96A0045DEDA /* Background12.png */,
				EAD28DE31965C96A0045DEDA /* Background12@2x.png */,
				EAD28DE41965C96A0045DEDA /* Background13.png */,
				EAD28DE51965C96A0045DEDA /* Background13@2x.png */,
				EAD28DE61965C96A0045DEDA /* Background14.png */,
				EAD28DE71965C96A0045DEDA /* Background14@2x.png */,
				EAD28DE81965C96A0045DEDA /* Background15.png */,
				EAD28DE91965C96A0045DEDA /* Background15@2x.png */,
				EAD28DEA1965C96A0045DEDA /* Background16.png */,
				EAD28DEB1965C96A0045DEDA /* Background16@2x.png */,
				EAD28DEC1965C96A0045DEDA /* Background17.png */,
				EAD28DED1965C96A0045DEDA /* Background17@2x.png */,
				EAD28DEE1965C96A0045DEDA /* Background18.png */,
				EAD28DEF1965C96A0045DEDA /* Background18@2x.png */,
				EAD28DF01965C96A0045DEDA /* Background19.png */,
				EAD28DF11965C96A0045DEDA /* Background19@2x.png */,
				EAD28DF21965C96A0045DEDA /* Background20.png */,
				EAD28DF31965C96A0045DEDA /* Background20@2x.png */,
				EAD28DF41965C96A0045DEDA /* Background@2x.png */,
			);
			path = Backgrounds;
			sourceTree = "<group>";
		};
/* End PBXGroup section */

/* Begin PBXNativeTarget section */
		EAD28D881964D1890045DEDA /* UberJump */ = {
			isa = PBXNativeTarget;
			buildConfigurationList = EAD28DC21964D1890045DEDA /* Build configuration list for PBXNativeTarget "UberJump" */;
			buildPhases = (
				EAD28D851964D1890045DEDA /* Sources */,
				EAD28D861964D1890045DEDA /* Frameworks */,
				EAD28D871964D1890045DEDA /* Resources */,
			);
			buildRules = (
			);
			dependencies = (
			);
			name = UberJump;
			productName = UberJump;
			productReference = EAD28D891964D1890045DEDA /* UberJump.app */;
			productType = "com.apple.product-type.application";
		};
		EAD28DB01964D1890045DEDA /* UberJumpTests */ = {
			isa = PBXNativeTarget;
			buildConfigurationList = EAD28DC51964D1890045DEDA /* Build configuration list for PBXNativeTarget "UberJumpTests" */;
			buildPhases = (
				EAD28DAD1964D1890045DEDA /* Sources */,
				EAD28DAE1964D1890045DEDA /* Frameworks */,
				EAD28DAF1964D1890045DEDA /* Resources */,
			);
			buildRules = (
			);
			dependencies = (
				EAD28DB71964D1890045DEDA /* PBXTargetDependency */,
			);
			name = UberJumpTests;
			productName = UberJumpTests;
			productReference = EAD28DB11964D1890045DEDA /* UberJumpTests.xctest */;
			productType = "com.apple.product-type.bundle.unit-test";
		};
/* End PBXNativeTarget section */

/* Begin PBXProject section */
		EAD28D811964D1890045DEDA /* Project object */ = {
			isa = PBXProject;
			attributes = {
				LastUpgradeCheck = 0510;
				ORGANIZATIONNAME = ZeroLinux5;
				TargetAttributes = {
					EAD28DB01964D1890045DEDA = {
						TestTargetID = EAD28D881964D1890045DEDA;
					};
				};
			};
			buildConfigurationList = EAD28D841964D1890045DEDA /* Build configuration list for PBXProject "UberJump" */;
			compatibilityVersion = "Xcode 3.2";
			developmentRegion = English;
			hasScannedForEncodings = 0;
			knownRegions = (
				en,
				Base,
			);
			mainGroup = EAD28D801964D1890045DEDA;
			productRefGroup = EAD28D8A1964D1890045DEDA /* Products */;
			projectDirPath = "";
			projectRoot = "";
			targets = (
				EAD28D881964D1890045DEDA /* UberJump */,
				EAD28DB01964D1890045DEDA /* UberJumpTests */,
			);
		};
/* End PBXProject section */

/* Begin PBXResourcesBuildPhase section */
		EAD28D871964D1890045DEDA /* Resources */ = {
			isa = PBXResourcesBuildPhase;
			buildActionMask = 2147483647;
			files = (
				EAD28E271965CF920045DEDA /* StarPing.wav in Resources */,
				EAD28E0B1965C96A0045DEDA /* Background11.png in Resources */,
				EAD28E051965C96A0045DEDA /* Background08.png in Resources */,
				EAD28E1C1965C96A0045DEDA /* Background19@2x.png in Resources */,
				EAD28DF91965C96A0045DEDA /* Background02.png in Resources */,
				EAD28E1B1965C96A0045DEDA /* Background19.png in Resources */,
				EAD28DF71965C96A0045DEDA /* Background01.png in Resources */,
				EAD28DF81965C96A0045DEDA /* Background01@2x.png in Resources */,
				EAD28E0D1965C96A0045DEDA /* Background12.png in Resources */,
				EAD28E0F1965C96A0045DEDA /* Background13.png in Resources */,
				EAD28E041965C96A0045DEDA /* Background07@2x.png in Resources */,
				EAD28DFF1965C96A0045DEDA /* Background05.png in Resources */,
				EAD28E171965C96A0045DEDA /* Background17.png in Resources */,
				EAD28DFC1965C96A0045DEDA /* Background03@2x.png in Resources */,
				EAD28E001965C96A0045DEDA /* Background05@2x.png in Resources */,
				EAD28D991964D1890045DEDA /* InfoPlist.strings in Resources */,
				EAD28DAC1964D1890045DEDA /* Images.xcassets in Resources */,
				EAD28E061965C96A0045DEDA /* Background08@2x.png in Resources */,
				EAD28DFE1965C96A0045DEDA /* Background04@2x.png in Resources */,
				EAD28E1D1965C96A0045DEDA /* Background20.png in Resources */,
				EAD28E121965C96A0045DEDA /* Background14@2x.png in Resources */,
				EAD28DF51965C96A0045DEDA /* Assets.atlas in Resources */,
				EAD28E021965C96A0045DEDA /* Background06@2x.png in Resources */,
				EAD28E011965C96A0045DEDA /* Background06.png in Resources */,
				EAD28DFA1965C96A0045DEDA /* Background02@2x.png in Resources */,
				EAD28DF61965C96A0045DEDA /* Background.png in Resources */,
				EAD28E101965C96A0045DEDA /* Background13@2x.png in Resources */,
				EAD28E0A1965C96A0045DEDA /* Background10@2x.png in Resources */,
				EAD28E181965C96A0045DEDA /* Background17@2x.png in Resources */,
				EAD28E161965C96A0045DEDA /* Background16@2x.png in Resources */,
				EAD28E1F1965C96A0045DEDA /* Background@2x.png in Resources */,
				EAD28E131965C96A0045DEDA /* Background15.png in Resources */,
				EAD28E1E1965C96A0045DEDA /* Background20@2x.png in Resources */,
				EAD28E081965C96A0045DEDA /* Background09@2x.png in Resources */,
				EAD28E191965C96A0045DEDA /* Background18.png in Resources */,
				EAD28E091965C96A0045DEDA /* Background10.png in Resources */,
				EAD28E111965C96A0045DEDA /* Background14.png in Resources */,
				EAD28DFD1965C96A0045DEDA /* Background04.png in Resources */,
				EAD28E0C1965C96A0045DEDA /* Background11@2x.png in Resources */,
				EAD28DFB1965C96A0045DEDA /* Background03.png in Resources */,
				EAD28E031965C96A0045DEDA /* Background07.png in Resources */,
				EAD28E1A1965C96A0045DEDA /* Background18@2x.png in Resources */,
				EAD28DAA1964D1890045DEDA /* Spaceship.png in Resources */,
				EAD28E151965C96A0045DEDA /* Background16.png in Resources */,
				EAD28E0E1965C96A0045DEDA /* Background12@2x.png in Resources */,
				EAD28E071965C96A0045DEDA /* Background09.png in Resources */,
				EAD28E141965C96A0045DEDA /* Background15@2x.png in Resources */,
				EAD28DA21964D1890045DEDA /* Main.storyboard in Resources */,
			);
			runOnlyForDeploymentPostprocessing = 0;
		};
		EAD28DAF1964D1890045DEDA /* Resources */ = {
			isa = PBXResourcesBuildPhase;
			buildActionMask = 2147483647;
			files = (
				EAD28DBD1964D1890045DEDA /* InfoPlist.strings in Resources */,
			);
			runOnlyForDeploymentPostprocessing = 0;
		};
/* End PBXResourcesBuildPhase section */

/* Begin PBXSourcesBuildPhase section */
		EAD28D851964D1890045DEDA /* Sources */ = {
			isa = PBXSourcesBuildPhase;
			buildActionMask = 2147483647;
			files = (
				EAD28E221965CB880045DEDA /* GameObjectNode.m in Sources */,
				EAD28DA81964D1890045DEDA /* MyScene.m in Sources */,
				EAD28DA51964D1890045DEDA /* ViewController.m in Sources */,
				EAD28D9F1964D1890045DEDA /* AppDelegate.m in Sources */,
				EAD28D9B1964D1890045DEDA /* main.m in Sources */,
				EAD28E251965CBEC0045DEDA /* StarNode.m in Sources */,
			);
			runOnlyForDeploymentPostprocessing = 0;
		};
		EAD28DAD1964D1890045DEDA /* Sources */ = {
			isa = PBXSourcesBuildPhase;
			buildActionMask = 2147483647;
			files = (
				EAD28DBF1964D1890045DEDA /* UberJumpTests.m in Sources */,
			);
			runOnlyForDeploymentPostprocessing = 0;
		};
/* End PBXSourcesBuildPhase section */

/* Begin PBXTargetDependency section */
		EAD28DB71964D1890045DEDA /* PBXTargetDependency */ = {
			isa = PBXTargetDependency;
			target = EAD28D881964D1890045DEDA /* UberJump */;
			targetProxy = EAD28DB61964D1890045DEDA /* PBXContainerItemProxy */;
		};
/* End PBXTargetDependency section */

/* Begin PBXVariantGroup section */
		EAD28D971964D1890045DEDA /* InfoPlist.strings */ = {
			isa = PBXVariantGroup;
			children = (
				EAD28D981964D1890045DEDA /* en */,
			);
			name = InfoPlist.strings;
			sourceTree = "<group>";
		};
		EAD28DA01964D1890045DEDA /* Main.storyboard */ = {
			isa = PBXVariantGroup;
			children = (
				EAD28DA11964D1890045DEDA /* Base */,
			);
			name = Main.storyboard;
			sourceTree = "<group>";
		};
		EAD28DBB1964D1890045DEDA /* InfoPlist.strings */ = {
			isa = PBXVariantGroup;
			children = (
				EAD28DBC1964D1890045DEDA /* en */,
			);
			name = InfoPlist.strings;
			sourceTree = "<group>";
		};
/* End PBXVariantGroup section */

/* Begin XCBuildConfiguration section */
		EAD28DC01964D1890045DEDA /* Debug */ = {
			isa = XCBuildConfiguration;
			buildSettings = {
				ALWAYS_SEARCH_USER_PATHS = NO;
				CLANG_CXX_LANGUAGE_STANDARD = "gnu++0x";
				CLANG_CXX_LIBRARY = "libc++";
				CLANG_ENABLE_MODULES = YES;
				CLANG_ENABLE_OBJC_ARC = YES;
				CLANG_WARN_BOOL_CONVERSION = YES;
				CLANG_WARN_CONSTANT_CONVERSION = YES;
				CLANG_WARN_DIRECT_OBJC_ISA_USAGE = YES_ERROR;
				CLANG_WARN_EMPTY_BODY = YES;
				CLANG_WARN_ENUM_CONVERSION = YES;
				CLANG_WARN_INT_CONVERSION = YES;
				CLANG_WARN_OBJC_ROOT_CLASS = YES_ERROR;
				CLANG_WARN__DUPLICATE_METHOD_MATCH = YES;
				"CODE_SIGN_IDENTITY[sdk=iphoneos*]" = "iPhone Developer";
				COPY_PHASE_STRIP = NO;
				GCC_C_LANGUAGE_STANDARD = gnu99;
				GCC_DYNAMIC_NO_PIC = NO;
				GCC_OPTIMIZATION_LEVEL = 0;
				GCC_PREPROCESSOR_DEFINITIONS = (
					"DEBUG=1",
					"$(inherited)",
				);
				GCC_SYMBOLS_PRIVATE_EXTERN = NO;
				GCC_WARN_64_TO_32_BIT_CONVERSION = YES;
				GCC_WARN_ABOUT_RETURN_TYPE = YES_ERROR;
				GCC_WARN_UNDECLARED_SELECTOR = YES;
				GCC_WARN_UNINITIALIZED_AUTOS = YES_AGGRESSIVE;
				GCC_WARN_UNUSED_FUNCTION = YES;
				GCC_WARN_UNUSED_VARIABLE = YES;
				IPHONEOS_DEPLOYMENT_TARGET = 7.1;
				ONLY_ACTIVE_ARCH = YES;
				SDKROOT = iphoneos;
			};
			name = Debug;
		};
		EAD28DC11964D1890045DEDA /* Release */ = {
			isa = XCBuildConfiguration;
			buildSettings = {
				ALWAYS_SEARCH_USER_PATHS = NO;
				CLANG_CXX_LANGUAGE_STANDARD = "gnu++0x";
				CLANG_CXX_LIBRARY = "libc++";
				CLANG_ENABLE_MODULES = YES;
				CLANG_ENABLE_OBJC_ARC = YES;
				CLANG_WARN_BOOL_CONVERSION = YES;
				CLANG_WARN_CONSTANT_CONVERSION = YES;
				CLANG_WARN_DIRECT_OBJC_ISA_USAGE = YES_ERROR;
				CLANG_WARN_EMPTY_BODY = YES;
				CLANG_WARN_ENUM_CONVERSION = YES;
				CLANG_WARN_INT_CONVERSION = YES;
				CLANG_WARN_OBJC_ROOT_CLASS = YES_ERROR;
				CLANG_WARN__DUPLICATE_METHOD_MATCH = YES;
				"CODE_SIGN_IDENTITY[sdk=iphoneos*]" = "iPhone Developer";
				COPY_PHASE_STRIP = YES;
				ENABLE_NS_ASSERTIONS = NO;
				GCC_C_LANGUAGE_STANDARD = gnu99;
				GCC_WARN_64_TO_32_BIT_CONVERSION = YES;
				GCC_WARN_ABOUT_RETURN_TYPE = YES_ERROR;
				GCC_WARN_UNDECLARED_SELECTOR = YES;
				GCC_WARN_UNINITIALIZED_AUTOS = YES_AGGRESSIVE;
				GCC_WARN_UNUSED_FUNCTION = YES;
				GCC_WARN_UNUSED_VARIABLE = YES;
				IPHONEOS_DEPLOYMENT_TARGET = 7.1;
				SDKROOT = iphoneos;
				VALIDATE_PRODUCT = YES;
			};
			name = Release;
		};
		EAD28DC31964D1890045DEDA /* Debug */ = {
			isa = XCBuildConfiguration;
			buildSettings = {
				ASSETCATALOG_COMPILER_APPICON_NAME = AppIcon;
				ASSETCATALOG_COMPILER_LAUNCHIMAGE_NAME = LaunchImage;
				GCC_PRECOMPILE_PREFIX_HEADER = YES;
				GCC_PREFIX_HEADER = "UberJump/UberJump-Prefix.pch";
				INFOPLIST_FILE = "UberJump/UberJump-Info.plist";
				PRODUCT_NAME = "$(TARGET_NAME)";
				SPRITEKIT_TEXTURE_ATLAS_OUTPUT = YES;
				WRAPPER_EXTENSION = app;
			};
			name = Debug;
		};
		EAD28DC41964D1890045DEDA /* Release */ = {
			isa = XCBuildConfiguration;
			buildSettings = {
				ASSETCATALOG_COMPILER_APPICON_NAME = AppIcon;
				ASSETCATALOG_COMPILER_LAUNCHIMAGE_NAME = LaunchImage;
				GCC_PRECOMPILE_PREFIX_HEADER = YES;
				GCC_PREFIX_HEADER = "UberJump/UberJump-Prefix.pch";
				INFOPLIST_FILE = "UberJump/UberJump-Info.plist";
				PRODUCT_NAME = "$(TARGET_NAME)";
				SPRITEKIT_TEXTURE_ATLAS_OUTPUT = YES;
				WRAPPER_EXTENSION = app;
			};
			name = Release;
		};
		EAD28DC61964D1890045DEDA /* Debug */ = {
			isa = XCBuildConfiguration;
			buildSettings = {
				BUNDLE_LOADER = "$(BUILT_PRODUCTS_DIR)/UberJump.app/UberJump";
				FRAMEWORK_SEARCH_PATHS = (
					"$(SDKROOT)/Developer/Library/Frameworks",
					"$(inherited)",
					"$(DEVELOPER_FRAMEWORKS_DIR)",
				);
				GCC_PRECOMPILE_PREFIX_HEADER = YES;
				GCC_PREFIX_HEADER = "UberJump/UberJump-Prefix.pch";
				GCC_PREPROCESSOR_DEFINITIONS = (
					"DEBUG=1",
					"$(inherited)",
				);
				INFOPLIST_FILE = "UberJumpTests/UberJumpTests-Info.plist";
				PRODUCT_NAME = "$(TARGET_NAME)";
				TEST_HOST = "$(BUNDLE_LOADER)";
				WRAPPER_EXTENSION = xctest;
			};
			name = Debug;
		};
		EAD28DC71964D1890045DEDA /* Release */ = {
			isa = XCBuildConfiguration;
			buildSettings = {
				BUNDLE_LOADER = "$(BUILT_PRODUCTS_DIR)/UberJump.app/UberJump";
				FRAMEWORK_SEARCH_PATHS = (
					"$(SDKROOT)/Developer/Library/Frameworks",
					"$(inherited)",
					"$(DEVELOPER_FRAMEWORKS_DIR)",
				);
				GCC_PRECOMPILE_PREFIX_HEADER = YES;
				GCC_PREFIX_HEADER = "UberJump/UberJump-Prefix.pch";
				INFOPLIST_FILE = "UberJumpTests/UberJumpTests-Info.plist";
				PRODUCT_NAME = "$(TARGET_NAME)";
				TEST_HOST = "$(BUNDLE_LOADER)";
				WRAPPER_EXTENSION = xctest;
			};
			name = Release;
		};
/* End XCBuildConfiguration section */

/* Begin XCConfigurationList section */
		EAD28D841964D1890045DEDA /* Build configuration list for PBXProject "UberJump" */ = {
			isa = XCConfigurationList;
			buildConfigurations = (
				EAD28DC01964D1890045DEDA /* Debug */,
				EAD28DC11964D1890045DEDA /* Release */,
			);
			defaultConfigurationIsVisible = 0;
			defaultConfigurationName = Release;
		};
		EAD28DC21964D1890045DEDA /* Build configuration list for PBXNativeTarget "UberJump" */ = {
			isa = XCConfigurationList;
			buildConfigurations = (
				EAD28DC31964D1890045DEDA /* Debug */,
				EAD28DC41964D1890045DEDA /* Release */,
			);
			defaultConfigurationIsVisible = 0;
		};
		EAD28DC51964D1890045DEDA /* Build configuration list for PBXNativeTarget "UberJumpTests" */ = {
			isa = XCConfigurationList;
			buildConfigurations = (
				EAD28DC61964D1890045DEDA /* Debug */,
				EAD28DC71964D1890045DEDA /* Release */,
			);
			defaultConfigurationIsVisible = 0;
		};
/* End XCConfigurationList section */
	};
	rootObject = EAD28D811964D1890045DEDA /* Project object */;
}
